
Microsoft Visual Studio Solution File, Format Version 12.00
# Visual Studio Version 17
VisualStudioVersion = 17.5.33424.131
MinimumVisualStudioVersion = 10.0.40219.1
Project("{FAE04EC0-301F-11D3-BF4B-00C04F79EFBC}") = "ejer-4", "ejer-4\ejer-4.csproj", "{BBF20124-659C-42EA-80DB-35B5CBB59F5D}"
EndProject
Global
	GlobalSection(SolutionConfigurationPlatforms) = preSolution
		Debug|Any CPU = Debug|Any CPU
		Release|Any CPU = Release|Any CPU
	EndGlobalSection
	GlobalSection(ProjectConfigurationPlatforms) = postSolution
		{BBF20124-659C-42EA-80DB-35B5CBB59F5D}.Debug|Any CPU.ActiveCfg = Debug|Any CPU
		{BBF20124-659C-42EA-80DB-35B5CBB59F5D}.Debug|Any CPU.Build.0 = Debug|Any CPU
		{BBF20124-659C-42EA-80DB-35B5CBB59F5D}.Release|Any CPU.ActiveCfg = Release|Any CPU
		{BBF20124-659C-42EA-80DB-35B5CBB59F5D}.Release|Any CPU.Build.0 = Release|Any CPU
	EndGlobalSection
	GlobalSection(SolutionProperties) = preSolution
		HideSolutionNode = FALSE
	EndGlobalSection
	GlobalSection(ExtensibilityGlobals) = postSolution
		SolutionGuid = {8CFE5DE6-CD98-4120-8FBD-981E50089AAF}
	EndGlobalSection
EndGlobal
